
Microsoft Visual Studio Solution File, Format Version 12.00
# Visual Studio Version 17
VisualStudioVersion = 17.0.31919.166
MinimumVisualStudioVersion = 10.0.40219.1
Project("{2150E333-8FDC-42A3-9474-1A3956D46DE8}") = "BookingService", "BookingService", "{E0F918E2-ADE4-476D-AD7A-F8F5C0113260}"
EndProject
Project("{2150E333-8FDC-42A3-9474-1A3956D46DE8}") = "PaymentService", "PaymentService", "{AB466DCE-12BB-4494-8D1F-33E122375635}"
EndProject
Project("{2150E333-8FDC-42A3-9474-1A3956D46DE8}") = "Core", "Core", "{4C5C7D0F-904E-45AC-ACEA-943BB30F1D80}"
EndProject
Project("{2150E333-8FDC-42A3-9474-1A3956D46DE8}") = "Application", "Application", "{C062E172-E40A-41E0-9B70-23AF3AEAE560}"
EndProject
Project("{2150E333-8FDC-42A3-9474-1A3956D46DE8}") = "Domain", "Domain", "{6D21DBC3-9DB9-4557-9113-4FCB740FBD0A}"
EndProject
Project("{2150E333-8FDC-42A3-9474-1A3956D46DE8}") = "Adapters", "Adapters", "{EA6050E6-20F4-462D-A0D8-42148718366D}"
EndProject
Project("{2150E333-8FDC-42A3-9474-1A3956D46DE8}") = "Consumers", "Consumers", "{DC59E517-4203-4C1A-9C76-19596C4B72EC}"
EndProject
Project("{2150E333-8FDC-42A3-9474-1A3956D46DE8}") = "Tests", "Tests", "{44D362C5-B257-4DD1-805A-45CDFDE55399}"
EndProject
Project("{2150E333-8FDC-42A3-9474-1A3956D46DE8}") = "Domain", "Domain", "{2C85B7FE-E0A7-45BC-94A5-09E2C9B3D7D8}"
EndProject
Project("{2150E333-8FDC-42A3-9474-1A3956D46DE8}") = "Application", "Application", "{0CE0CDC0-525F-4CF7-8F2C-E071D7D232EC}"
EndProject
Project("{2150E333-8FDC-42A3-9474-1A3956D46DE8}") = "Adapters", "Adapters", "{53C97373-BB05-4AB8-82FE-A7782EBBC09D}"
EndProject
Project("{9A19103F-16F7-4668-BE54-9A1E7A4F7556}") = "DomainTests", "BookingService\Tests\Domain\DomainTests\DomainTests.csproj", "{6D928FB4-A008-4126-B166-353A0F38CD7E}"
EndProject
Project("{9A19103F-16F7-4668-BE54-9A1E7A4F7556}") = "ApplicationTests", "BookingService\Tests\Application\ApplicationTests\ApplicationTests.csproj", "{4A342A90-A8AA-4B36-A7AE-FA87B058A42B}"
EndProject
Project("{9A19103F-16F7-4668-BE54-9A1E7A4F7556}") = "AdaptersTests", "BookingService\Tests\Adapters\AdaptersTests\AdaptersTests.csproj", "{2DD7B03C-9690-4D5B-8C71-3D0A178D9A7A}"
EndProject
Project("{9A19103F-16F7-4668-BE54-9A1E7A4F7556}") = "API", "BookingService\Consumers\API\API.csproj", "{C5F55B8B-1EC1-49E6-9C02-2DC6AAFF54CB}"
EndProject
Project("{9A19103F-16F7-4668-BE54-9A1E7A4F7556}") = "Data", "BookingService\Adapters\Data\Data.csproj", "{25BF631D-3D96-4B36-B293-7F5918CD7365}"
EndProject
Project("{9A19103F-16F7-4668-BE54-9A1E7A4F7556}") = "Domain", "BookingService\Core\Domain\Domain.csproj", "{5038F1B0-96BA-4590-8DB8-311E672DB769}"
EndProject
Project("{9A19103F-16F7-4668-BE54-9A1E7A4F7556}") = "Application", "BookingService\Core\Application\Application.csproj", "{35B7F38A-9699-48BA-ABD9-B412BA10EBA1}"
EndProject
Global
	GlobalSection(SolutionConfigurationPlatforms) = preSolution
		Debug|Any CPU = Debug|Any CPU
		Release|Any CPU = Release|Any CPU
	EndGlobalSection
	GlobalSection(ProjectConfigurationPlatforms) = postSolution
		{6D928FB4-A008-4126-B166-353A0F38CD7E}.Debug|Any CPU.ActiveCfg = Debug|Any CPU
		{6D928FB4-A008-4126-B166-353A0F38CD7E}.Debug|Any CPU.Build.0 = Debug|Any CPU
		{6D928FB4-A008-4126-B166-353A0F38CD7E}.Release|Any CPU.ActiveCfg = Release|Any CPU
		{6D928FB4-A008-4126-B166-353A0F38CD7E}.Release|Any CPU.Build.0 = Release|Any CPU
		{4A342A90-A8AA-4B36-A7AE-FA87B058A42B}.Debug|Any CPU.ActiveCfg = Debug|Any CPU
		{4A342A90-A8AA-4B36-A7AE-FA87B058A42B}.Debug|Any CPU.Build.0 = Debug|Any CPU
		{4A342A90-A8AA-4B36-A7AE-FA87B058A42B}.Release|Any CPU.ActiveCfg = Release|Any CPU
		{4A342A90-A8AA-4B36-A7AE-FA87B058A42B}.Release|Any CPU.Build.0 = Release|Any CPU
		{2DD7B03C-9690-4D5B-8C71-3D0A178D9A7A}.Debug|Any CPU.ActiveCfg = Debug|Any CPU
		{2DD7B03C-9690-4D5B-8C71-3D0A178D9A7A}.Debug|Any CPU.Build.0 = Debug|Any CPU
		{2DD7B03C-9690-4D5B-8C71-3D0A178D9A7A}.Release|Any CPU.ActiveCfg = Release|Any CPU
		{2DD7B03C-9690-4D5B-8C71-3D0A178D9A7A}.Release|Any CPU.Build.0 = Release|Any CPU
		{C5F55B8B-1EC1-49E6-9C02-2DC6AAFF54CB}.Debug|Any CPU.ActiveCfg = Debug|Any CPU
		{C5F55B8B-1EC1-49E6-9C02-2DC6AAFF54CB}.Debug|Any CPU.Build.0 = Debug|Any CPU
		{C5F55B8B-1EC1-49E6-9C02-2DC6AAFF54CB}.Release|Any CPU.ActiveCfg = Release|Any CPU
		{C5F55B8B-1EC1-49E6-9C02-2DC6AAFF54CB}.Release|Any CPU.Build.0 = Release|Any CPU
		{25BF631D-3D96-4B36-B293-7F5918CD7365}.Debug|Any CPU.ActiveCfg = Debug|Any CPU
		{25BF631D-3D96-4B36-B293-7F5918CD7365}.Debug|Any CPU.Build.0 = Debug|Any CPU
		{25BF631D-3D96-4B36-B293-7F5918CD7365}.Release|Any CPU.ActiveCfg = Release|Any CPU
		{25BF631D-3D96-4B36-B293-7F5918CD7365}.Release|Any CPU.Build.0 = Release|Any CPU
		{5038F1B0-96BA-4590-8DB8-311E672DB769}.Debug|Any CPU.ActiveCfg = Debug|Any CPU
		{5038F1B0-96BA-4590-8DB8-311E672DB769}.Debug|Any CPU.Build.0 = Debug|Any CPU
		{5038F1B0-96BA-4590-8DB8-311E672DB769}.Release|Any CPU.ActiveCfg = Release|Any CPU
		{5038F1B0-96BA-4590-8DB8-311E672DB769}.Release|Any CPU.Build.0 = Release|Any CPU
		{35B7F38A-9699-48BA-ABD9-B412BA10EBA1}.Debug|Any CPU.ActiveCfg = Debug|Any CPU
		{35B7F38A-9699-48BA-ABD9-B412BA10EBA1}.Debug|Any CPU.Build.0 = Debug|Any CPU
		{35B7F38A-9699-48BA-ABD9-B412BA10EBA1}.Release|Any CPU.ActiveCfg = Release|Any CPU
		{35B7F38A-9699-48BA-ABD9-B412BA10EBA1}.Release|Any CPU.Build.0 = Release|Any CPU
	EndGlobalSection
	GlobalSection(SolutionProperties) = preSolution
		HideSolutionNode = FALSE
	EndGlobalSection
	GlobalSection(NestedProjects) = preSolution
		{4C5C7D0F-904E-45AC-ACEA-943BB30F1D80} = {E0F918E2-ADE4-476D-AD7A-F8F5C0113260}
		{C062E172-E40A-41E0-9B70-23AF3AEAE560} = {4C5C7D0F-904E-45AC-ACEA-943BB30F1D80}
		{6D21DBC3-9DB9-4557-9113-4FCB740FBD0A} = {4C5C7D0F-904E-45AC-ACEA-943BB30F1D80}
		{EA6050E6-20F4-462D-A0D8-42148718366D} = {E0F918E2-ADE4-476D-AD7A-F8F5C0113260}
		{DC59E517-4203-4C1A-9C76-19596C4B72EC} = {E0F918E2-ADE4-476D-AD7A-F8F5C0113260}
		{44D362C5-B257-4DD1-805A-45CDFDE55399} = {E0F918E2-ADE4-476D-AD7A-F8F5C0113260}
		{2C85B7FE-E0A7-45BC-94A5-09E2C9B3D7D8} = {44D362C5-B257-4DD1-805A-45CDFDE55399}
		{0CE0CDC0-525F-4CF7-8F2C-E071D7D232EC} = {44D362C5-B257-4DD1-805A-45CDFDE55399}
		{53C97373-BB05-4AB8-82FE-A7782EBBC09D} = {44D362C5-B257-4DD1-805A-45CDFDE55399}
		{6D928FB4-A008-4126-B166-353A0F38CD7E} = {2C85B7FE-E0A7-45BC-94A5-09E2C9B3D7D8}
		{4A342A90-A8AA-4B36-A7AE-FA87B058A42B} = {0CE0CDC0-525F-4CF7-8F2C-E071D7D232EC}
		{2DD7B03C-9690-4D5B-8C71-3D0A178D9A7A} = {53C97373-BB05-4AB8-82FE-A7782EBBC09D}
		{C5F55B8B-1EC1-49E6-9C02-2DC6AAFF54CB} = {DC59E517-4203-4C1A-9C76-19596C4B72EC}
		{25BF631D-3D96-4B36-B293-7F5918CD7365} = {EA6050E6-20F4-462D-A0D8-42148718366D}
		{5038F1B0-96BA-4590-8DB8-311E672DB769} = {6D21DBC3-9DB9-4557-9113-4FCB740FBD0A}
		{35B7F38A-9699-48BA-ABD9-B412BA10EBA1} = {C062E172-E40A-41E0-9B70-23AF3AEAE560}
	EndGlobalSection
	GlobalSection(ExtensibilityGlobals) = postSolution
		SolutionGuid = {FA06B4C3-5DC3-4668-9863-07181DE32A62}
	EndGlobalSection
EndGlobal
